PODS:
  - Firebase (3.8.0):
    - Firebase/Core (= 3.8.0)
  - Firebase/Core (3.8.0):
    - FirebaseAnalytics (= 3.5.1)
    - FirebaseCore (= 3.4.4)
  - FirebaseAnalytics (3.5.1):
    - FirebaseCore (~> 3.4)
    - FirebaseInstanceID (~> 1.0)
    - GoogleInterchangeUtilities (~> 1.2)
    - GoogleSymbolUtilities (~> 1.1)
    - GoogleToolboxForMac/NSData+zlib (~> 2.1)
  - FirebaseCore (3.4.4):
    - GoogleInterchangeUtilities (~> 1.2)
    - GoogleToolboxForMac/NSData+zlib (~> 2.1)
  - FirebaseInstanceID (1.0.8)
  - Game (1.0.5):
    - SwiftTools
  - GoogleInterchangeUtilities (1.2.2):
    - GoogleSymbolUtilities (~> 1.1)
  - GoogleSymbolUtilities (1.1.2)
  - GoogleToolboxForMac/Defines (2.1.0)
  - GoogleToolboxForMac/NSData+zlib (2.1.0):
    - GoogleToolboxForMac/Defines (= 2.1.0)
  - iMessageTools (1.0.2):
    - SwiftTools
  - SwiftTools (1.1.13)

DEPENDENCIES:
  - Firebase
  - Game (from `https://github.com/jwitcig/iOS-Game`)
  - iMessageTools (from `https://github.com/jwitcig/iMessageTools`)
  - SwiftTools (from `https://github.com/jwitcig/SwiftTools`)

EXTERNAL SOURCES:
  Game:
    :git: https://github.com/jwitcig/iOS-Game
  iMessageTools:
    :git: https://github.com/jwitcig/iMessageTools
  SwiftTools:
    :git: https://github.com/jwitcig/SwiftTools

CHECKOUT OPTIONS:
  Game:
    :commit: 7c1586ade792bd43f3bfe142f4ece11d9cd7a4c3
    :git: https://github.com/jwitcig/iOS-Game
  iMessageTools:
    :commit: d93f950f6061dbef56ee1189c4e4f6df7fb6e4bb
    :git: https://github.com/jwitcig/iMessageTools
  SwiftTools:
    :commit: bd51e95ec58c141634bb5427fc0b83155efc62e6
    :git: https://github.com/jwitcig/SwiftTools

SPEC CHECKSUMS:
  Firebase: fdbecadb7b5cbef2774852d4fa659b9daf11f2af
  FirebaseAnalytics: 6e58fc9b397664369ac7617fb0ba93fab6ba7b5b
  FirebaseCore: d0ed25f27b6f9158eccc439f1be6f92e81207e28
  FirebaseInstanceID: ba1e640935235e5fac39dfa816fe7660e72e1a8a
  Game: 0ae948f7d66fb4d65dc58a36b80a8b295bc8f0e9
  GoogleInterchangeUtilities: d5bc4d88d5b661ab72f9d70c58d02ca8c27ad1f7
  GoogleSymbolUtilities: 631ee17048aa5e9ab133470d768ea997a5ef9b96
  GoogleToolboxForMac: 2b2596cbb7186865e98cadf2b1e262d851c2b168
  iMessageTools: f64f38e3554d94863715a376891ae772237e6692
  SwiftTools: f5c247ae11e9c92322bd062feddebe13adf77539

PODFILE CHECKSUM: ad3346a8333805a13ee56932788376c7c295d621

COCOAPODS: 1.2.0.beta.1
