PODS:
  - Game (1.0):
    - SwiftTools
  - iMessageTools (1.0):
    - SwiftTools
  - SwiftTools (1.1.10)

DEPENDENCIES:
  - Game (from `https://github.com/jwitcig/iOS-Game`, tag `1.0.1`)
  - iMessageTools (from `https://github.com/jwitcig/iMessageTools`, tag `1.0`)
  - SwiftTools (from `https://github.com/jwitcig/SwiftTools`)

EXTERNAL SOURCES:
  Game:
    :git: https://github.com/jwitcig/iOS-Game
    :tag: 1.0.1
  iMessageTools:
    :git: https://github.com/jwitcig/iMessageTools
    :tag: '1.0'
  SwiftTools:
    :git: https://github.com/jwitcig/SwiftTools

CHECKOUT OPTIONS:
  Game:
    :git: https://github.com/jwitcig/iOS-Game
    :tag: 1.0.1
  iMessageTools:
    :git: https://github.com/jwitcig/iMessageTools
    :tag: '1.0'
  SwiftTools:
    :commit: b36f1576f9733244dc27bb5f9c5b7793ad8c9fcb
    :git: https://github.com/jwitcig/SwiftTools

SPEC CHECKSUMS:
  Game: 73f45343e9b84475b17a0bd7be1ae4f974631a9e
  iMessageTools: 1ce60ab61f777f5ed831f52605d28b6507bc9e0f
  SwiftTools: de3df762bfd6a9fd1137594479f4a076a9c5c8f3

PODFILE CHECKSUM: 2c444c3743253cb7753905df80c334de0922a809

COCOAPODS: 1.1.1
